
Microsoft Visual Studio Solution File, Format Version 12.00
# Visual Studio Version 16
VisualStudioVersion = 16.0.31729.503
MinimumVisualStudioVersion = 10.0.40219.1
Project("{FAE04EC0-301F-11D3-BF4B-00C04F79EFBC}") = "DiskManagement", "DiskManagement\DiskManagement.csproj", "{1351E674-D438-4091-BF34-88B94CE5E143}"
EndProject
Project("{FAE04EC0-301F-11D3-BF4B-00C04F79EFBC}") = "DiskManagementEntities", "DiskManagementEntities\DiskManagementEntities.csproj", "{9C9050EE-EC47-4965-8D94-E1D8DF62B1A2}"
EndProject
Global
	GlobalSection(SolutionConfigurationPlatforms) = preSolution
		Debug|Any CPU = Debug|Any CPU
		Release|Any CPU = Release|Any CPU
	EndGlobalSection
	GlobalSection(ProjectConfigurationPlatforms) = postSolution
		{1351E674-D438-4091-BF34-88B94CE5E143}.Debug|Any CPU.ActiveCfg = Debug|Any CPU
		{1351E674-D438-4091-BF34-88B94CE5E143}.Debug|Any CPU.Build.0 = Debug|Any CPU
		{1351E674-D438-4091-BF34-88B94CE5E143}.Release|Any CPU.ActiveCfg = Release|Any CPU
		{1351E674-D438-4091-BF34-88B94CE5E143}.Release|Any CPU.Build.0 = Release|Any CPU
		{9C9050EE-EC47-4965-8D94-E1D8DF62B1A2}.Debug|Any CPU.ActiveCfg = Debug|Any CPU
		{9C9050EE-EC47-4965-8D94-E1D8DF62B1A2}.Debug|Any CPU.Build.0 = Debug|Any CPU
		{9C9050EE-EC47-4965-8D94-E1D8DF62B1A2}.Release|Any CPU.ActiveCfg = Release|Any CPU
		{9C9050EE-EC47-4965-8D94-E1D8DF62B1A2}.Release|Any CPU.Build.0 = Release|Any CPU
	EndGlobalSection
	GlobalSection(SolutionProperties) = preSolution
		HideSolutionNode = FALSE
	EndGlobalSection
	GlobalSection(ExtensibilityGlobals) = postSolution
		SolutionGuid = {EC1B9FFE-A4DF-456C-865B-D65F5858E70A}
	EndGlobalSection
EndGlobal
